{
  "name": "go-fish",
  "lockfileVersion": 3,
  "requires": true,
  "packages": {
    "": {
      "dependencies": {
        "@rolemodel/optics": "^2.1.3"
      }
    },
    "node_modules/@rolemodel/optics": {
      "version": "2.1.3",
      "resolved": "https://registry.npmjs.org/@rolemodel/optics/-/optics-2.1.3.tgz",
      "integrity": "sha512-XPrQ+DqSadhJ4c+sjjhnzCwH05qPkS0/vEa3oBe7zgakEs2IsxiBKgGXlc9RjSncqWPiRRt955HpbthM+/PNWw==",
      "license": "MIT",
      "dependencies": {
        "modern-css-reset": "^1.4.0"
      },
      "peerDependencies": {
        "tom-select": "^2.0.0"
      },
      "peerDependenciesMeta": {
        "tom-select": {
          "optional": true
        }
      }
    },
    "node_modules/modern-css-reset": {
      "version": "1.4.0",
      "resolved": "https://registry.npmjs.org/modern-css-reset/-/modern-css-reset-1.4.0.tgz",
      "integrity": "sha512-0crZmSFmrxkI7159rvQWjpDhy0u4+Awg/iOycJdlVn0RSeft/a+6BrQHR3IqvmdK25sqt0o6Z5Ap7cWgUee2rw==",
      "license": "MIT"
    }
  }
}
